
Microsoft Visual Studio Solution File, Format Version 12.00
# Visual Studio Version 17
VisualStudioVersion = 17.11.35222.181
MinimumVisualStudioVersion = 10.0.40219.1
Project("{FAE04EC0-301F-11D3-BF4B-00C04F79EFBC}") = "MVC_exapmle_with_Northwind", "MVC_exapmle_with_Northwind\MVC_exapmle_with_Northwind.csproj", "{8A1F1DFF-7606-48A0-AE59-8B2D55BBD653}"
EndProject
Global
	GlobalSection(SolutionConfigurationPlatforms) = preSolution
		Debug|Any CPU = Debug|Any CPU
		Release|Any CPU = Release|Any CPU
	EndGlobalSection
	GlobalSection(ProjectConfigurationPlatforms) = postSolution
		{8A1F1DFF-7606-48A0-AE59-8B2D55BBD653}.Debug|Any CPU.ActiveCfg = Debug|Any CPU
		{8A1F1DFF-7606-48A0-AE59-8B2D55BBD653}.Debug|Any CPU.Build.0 = Debug|Any CPU
		{8A1F1DFF-7606-48A0-AE59-8B2D55BBD653}.Release|Any CPU.ActiveCfg = Release|Any CPU
		{8A1F1DFF-7606-48A0-AE59-8B2D55BBD653}.Release|Any CPU.Build.0 = Release|Any CPU
	EndGlobalSection
	GlobalSection(SolutionProperties) = preSolution
		HideSolutionNode = FALSE
	EndGlobalSection
	GlobalSection(ExtensibilityGlobals) = postSolution
		SolutionGuid = {8B8AA096-BBA0-49A0-AE4A-71EF6C8F05B8}
	EndGlobalSection
EndGlobal
